
Microsoft Visual Studio Solution File, Format Version 12.00
Project("{FAE04EC0-301F-11D3-BF4B-00C04F79EFBC}") = "CS_TheWorld_Part3", "CS_TheWorld_Part3\CS_TheWorld_Part3.csproj", "{4001AB3C-CA19-46FF-8D38-80DAD18BB096}"
EndProject
Global
	GlobalSection(SolutionConfigurationPlatforms) = preSolution
		Debug|Any CPU = Debug|Any CPU
		Release|Any CPU = Release|Any CPU
	EndGlobalSection
	GlobalSection(ProjectConfigurationPlatforms) = postSolution
		{4001AB3C-CA19-46FF-8D38-80DAD18BB096}.Debug|Any CPU.ActiveCfg = Debug|Any CPU
		{4001AB3C-CA19-46FF-8D38-80DAD18BB096}.Debug|Any CPU.Build.0 = Debug|Any CPU
		{4001AB3C-CA19-46FF-8D38-80DAD18BB096}.Release|Any CPU.ActiveCfg = Release|Any CPU
		{4001AB3C-CA19-46FF-8D38-80DAD18BB096}.Release|Any CPU.Build.0 = Release|Any CPU
	EndGlobalSection
EndGlobal
